
Microsoft Visual Studio Solution File, Format Version 12.00
# Visual Studio 15
VisualStudioVersion = 15.0.26403.7
MinimumVisualStudioVersion = 10.0.40219.1
Project("{FAE04EC0-301F-11D3-BF4B-00C04F79EFBC}") = "SampleWebApp", "SampleWebApp\SampleWebApp.csproj", "{7B798C3A-4ED6-41CB-8F17-9AA94BFA5C3E}"
EndProject
Project("{2150E333-8FDC-42A3-9474-1A3956D46DE8}") = ".nuget", ".nuget", "{091CE6CF-79D9-4C65-ABF8-9B85F7CE21C4}"
	ProjectSection(SolutionItems) = preProject
		NuGet.config = NuGet.config
	EndProjectSection
EndProject
Global
	GlobalSection(SolutionConfigurationPlatforms) = preSolution
		Debug|Any CPU = Debug|Any CPU
		Release|Any CPU = Release|Any CPU
	EndGlobalSection
	GlobalSection(ProjectConfigurationPlatforms) = postSolution
		{7B798C3A-4ED6-41CB-8F17-9AA94BFA5C3E}.Debug|Any CPU.ActiveCfg = Debug|Any CPU
		{7B798C3A-4ED6-41CB-8F17-9AA94BFA5C3E}.Debug|Any CPU.Build.0 = Debug|Any CPU
		{7B798C3A-4ED6-41CB-8F17-9AA94BFA5C3E}.Release|Any CPU.ActiveCfg = Release|Any CPU
		{7B798C3A-4ED6-41CB-8F17-9AA94BFA5C3E}.Release|Any CPU.Build.0 = Release|Any CPU
	EndGlobalSection
	GlobalSection(SolutionProperties) = preSolution
		HideSolutionNode = FALSE
	EndGlobalSection
EndGlobal
